// !$*UTF8*$!
{
	archiveVersion = 1;
	classes = {
	};
	objectVersion = 50;
	objects = {

/* Begin PBXBuildFile section */
		BD80B81625B4AC3E0064A750 /* AppDelegate.swift in Sources */ = {isa = PBXBuildFile; fileRef = BD80B81525B4AC3E0064A750 /* AppDelegate.swift */; };
		BD80B81825B4AC3E0064A750 /* SceneDelegate.swift in Sources */ = {isa = PBXBuildFile; fileRef = BD80B81725B4AC3E0064A750 /* SceneDelegate.swift */; };
		BD80B81A25B4AC3E0064A750 /* ViewController.swift in Sources */ = {isa = PBXBuildFile; fileRef = BD80B81925B4AC3E0064A750 /* ViewController.swift */; };
		BD80B81D25B4AC3E0064A750 /* Main.storyboard in Resources */ = {isa = PBXBuildFile; fileRef = BD80B81B25B4AC3E0064A750 /* Main.storyboard */; };
		BD80B81F25B4AC430064A750 /* Assets.xcassets in Resources */ = {isa = PBXBuildFile; fileRef = BD80B81E25B4AC430064A750 /* Assets.xcassets */; };
		BD80B82225B4AC430064A750 /* LaunchScreen.storyboard in Resources */ = {isa = PBXBuildFile; fileRef = BD80B82025B4AC430064A750 /* LaunchScreen.storyboard */; };
/* End PBXBuildFile section */

/* Begin PBXFileReference section */
		BD80B81225B4AC3E0064A750 /* WIPTask.app */ = {isa = PBXFileReference; explicitFileType = wrapper.application; includeInIndex = 0; path = WIPTask.app; sourceTree = BUILT_PRODUCTS_DIR; };
		BD80B81525B4AC3E0064A750 /* AppDelegate.swift */ = {isa = PBXFileReference; lastKnownFileType = sourcecode.swift; path = AppDelegate.swift; sourceTree = "<group>"; };
		BD80B81725B4AC3E0064A750 /* SceneDelegate.swift */ = {isa = PBXFileReference; lastKnownFileType = sourcecode.swift; path = SceneDelegate.swift; sourceTree = "<group>"; };
		BD80B81925B4AC3E0064A750 /* ViewController.swift */ = {isa = PBXFileReference; lastKnownFileType = sourcecode.swift; path = ViewController.swift; sourceTree = "<group>"; };
		BD80B81C25B4AC3E0064A750 /* Base */ = {isa = PBXFileReference; lastKnownFileType = file.storyboard; name = Base; path = Base.lproj/Main.storyboard; sourceTree = "<group>"; };
		BD80B81E25B4AC430064A750 /* Assets.xcassets */ = {isa = PBXFileReference; lastKnownFileType = folder.assetcatalog; path = Assets.xcassets; sourceTree = "<group>"; };
		BD80B82125B4AC430064A750 /* Base */ = {isa = PBXFileReference; lastKnownFileType = file.storyboard; name = Base; path = Base.lproj/LaunchScreen.storyboard; sourceTree = "<group>"; };
		BD80B82325B4AC430064A750 /* Info.plist */ = {isa = PBXFileReference; lastKnownFileType = text.plist.xml; path = Info.plist; sourceTree = "<group>"; };
/* End PBXFileReference section */

/* Begin PBXFrameworksBuildPhase section */
		BD80B80F25B4AC3E0064A750 /* Frameworks */ = {
			isa = PBXFrameworksBuildPhase;
			buildActionMask = 2147483647;
			files = (
			);
			runOnlyForDeploymentPostprocessing = 0;
		};
/* End PBXFrameworksBuildPhase section */

/* Begin PBXGroup section */
		BD80B80925B4AC3E0064A750 = {
			isa = PBXGroup;
			children = (
				BD80B81425B4AC3E0064A750 /* WIPTask */,
				BD80B81325B4AC3E0064A750 /* Products */,
			);
			sourceTree = "<group>";
		};
		BD80B81325B4AC3E0064A750 /* Products */ = {
			isa = PBXGroup;
			children = (
				BD80B81225B4AC3E0064A750 /* WIPTask.app */,
			);
			name = Products;
			sourceTree = "<group>";
		};
		BD80B81425B4AC3E0064A750 /* WIPTask */ = {
			isa = PBXGroup;
			children = (
				BD80B81525B4AC3E0064A750 /* AppDelegate.swift */,
				BD80B81725B4AC3E0064A750 /* SceneDelegate.swift */,
				BD80B81925B4AC3E0064A750 /* ViewController.swift */,
				BD80B81B25B4AC3E0064A750 /* Main.storyboard */,
				BD80B81E25B4AC430064A750 /* Assets.xcassets */,
				BD80B82025B4AC430064A750 /* LaunchScreen.storyboard */,
				BD80B82325B4AC430064A750 /* Info.plist */,
			);
			path = WIPTask;
			sourceTree = "<group>";
		};
/* End PBXGroup section */

/* Begin PBXNativeTarget section */
		BD80B81125B4AC3E0064A750 /* WIPTask */ = {
			isa = PBXNativeTarget;
			buildConfigurationList = BD80B82625B4AC430064A750 /* Build configuration list for PBXNativeTarget "WIPTask" */;
			buildPhases = (
				BD80B80E25B4AC3E0064A750 /* Sources */,
				BD80B80F25B4AC3E0064A750 /* Frameworks */,
				BD80B81025B4AC3E0064A750 /* Resources */,
			);
			buildRules = (
			);
			dependencies = (
			);
			name = WIPTask;
			productName = WIPTask;
			productReference = BD80B81225B4AC3E0064A750 /* WIPTask.app */;
			productType = "com.apple.product-type.application";
		};
/* End PBXNativeTarget section */

/* Begin PBXProject section */
		BD80B80A25B4AC3E0064A750 /* Project object */ = {
			isa = PBXProject;
			attributes = {
				LastSwiftUpdateCheck = 1170;
				LastUpgradeCheck = 1170;
				ORGANIZATIONNAME = wipTask;
				TargetAttributes = {
					BD80B81125B4AC3E0064A750 = {
						CreatedOnToolsVersion = 11.7;
					};
				};
			};
			buildConfigurationList = BD80B80D25B4AC3E0064A750 /* Build configuration list for PBXProject "WIPTask" */;
			compatibilityVersion = "Xcode 9.3";
			developmentRegion = en;
			hasScannedForEncodings = 0;
			knownRegions = (
				en,
				Base,
			);
			mainGroup = BD80B80925B4AC3E0064A750;
			productRefGroup = BD80B81325B4AC3E0064A750 /* Products */;
			projectDirPath = "";
			projectRoot = "";
			targets = (
				BD80B81125B4AC3E0064A750 /* WIPTask */,
			);
		};
/* End PBXProject section */

/* Begin PBXResourcesBuildPhase section */
		BD80B81025B4AC3E0064A750 /* Resources */ = {
			isa = PBXResourcesBuildPhase;
			buildActionMask = 2147483647;
			files = (
				BD80B82225B4AC430064A750 /* LaunchScreen.storyboard in Resources */,
				BD80B81F25B4AC430064A750 /* Assets.xcassets in Resources */,
				BD80B81D25B4AC3E0064A750 /* Main.storyboard in Resources */,
			);
			runOnlyForDeploymentPostprocessing = 0;
		};
/* End PBXResourcesBuildPhase section */

/* Begin PBXSourcesBuildPhase section */
		BD80B80E25B4AC3E0064A750 /* Sources */ = {
			isa = PBXSourcesBuildPhase;
			buildActionMask = 2147483647;
			files = (
				BD80B81A25B4AC3E0064A750 /* ViewController.swift in Sources */,
				BD80B81625B4AC3E0064A750 /* AppDelegate.swift in Sources */,
				BD80B81825B4AC3E0064A750 /* SceneDelegate.swift in Sources */,
			);
			runOnlyForDeploymentPostprocessing = 0;
		};
/* End PBXSourcesBuildPhase section */

/* Begin PBXVariantGroup section */
		BD80B81B25B4AC3E0064A750 /* Main.storyboard */ = {
			isa = PBXVariantGroup;
			children = (
				BD80B81C25B4AC3E0064A750 /* Base */,
			);
			name = Main.storyboard;
			sourceTree = "<group>";
		};
		BD80B82025B4AC430064A750 /* LaunchScreen.storyboard */ = {
			isa = PBXVariantGroup;
			children = (
				BD80B82125B4AC430064A750 /* Base */,
			);
			name = LaunchScreen.storyboard;
			sourceTree = "<group>";
		};
/* End PBXVariantGroup section */

/* Begin XCBuildConfiguration section */
		BD80B82425B4AC430064A750 /* Debug */ = {
			isa = XCBuildConfiguration;
			buildSettings = {
				ALWAYS_SEARCH_USER_PATHS = NO;
				CLANG_ANALYZER_NONNULL = YES;
				CLANG_ANALYZER_NUMBER_OBJECT_CONVERSION = YES_AGGRESSIVE;
				CLANG_CXX_LANGUAGE_STANDARD = "gnu++14";
				CLANG_CXX_LIBRARY = "libc++";
				CLANG_ENABLE_MODULES = YES;
				CLANG_ENABLE_OBJC_ARC = YES;
				CLANG_ENABLE_OBJC_WEAK = YES;
				CLANG_WARN_BLOCK_CAPTURE_AUTORELEASING = YES;
				CLANG_WARN_BOOL_CONVERSION = YES;
				CLANG_WARN_COMMA = YES;
				CLANG_WARN_CONSTANT_CONVERSION = YES;
				CLANG_WARN_DEPRECATED_OBJC_IMPLEMENTATIONS = YES;
				CLANG_WARN_DIRECT_OBJC_ISA_USAGE = YES_ERROR;
				CLANG_WARN_DOCUMENTATION_COMMENTS = YES;
				CLANG_WARN_EMPTY_BODY = YES;
				CLANG_WARN_ENUM_CONVERSION = YES;
				CLANG_WARN_INFINITE_RECURSION = YES;
				CLANG_WARN_INT_CONVERSION = YES;
				CLANG_WARN_NON_LITERAL_NULL_CONVERSION = YES;
				CLANG_WARN_OBJC_IMPLICIT_RETAIN_SELF = YES;
				CLANG_WARN_OBJC_LITERAL_CONVERSION = YES;
				CLANG_WARN_OBJC_ROOT_CLASS = YES_ERROR;
				CLANG_WARN_RANGE_LOOP_ANALYSIS = YES;
				CLANG_WARN_STRICT_PROTOTYPES = YES;
				CLANG_WARN_SUSPICIOUS_MOVE = YES;
				CLANG_WARN_UNGUARDED_AVAILABILITY = YES_AGGRESSIVE;
				CLANG_WARN_UNREACHABLE_CODE = YES;
				CLANG_WARN__DUPLICATE_METHOD_MATCH = YES;
				COPY_PHASE_STRIP = NO;
				DEBUG_INFORMATION_FORMAT = dwarf;
				ENABLE_STRICT_OBJC_MSGSEND = YES;
				ENABLE_TESTABILITY = YES;
				GCC_C_LANGUAGE_STANDARD = gnu11;
				GCC_DYNAMIC_NO_PIC = NO;
				GCC_NO_COMMON_BLOCKS = YES;
				GCC_OPTIMIZATION_LEVEL = 0;
				GCC_PREPROCESSOR_DEFINITIONS = (
					"DEBUG=1",
					"$(inherited)",
				);
				GCC_WARN_64_TO_32_BIT_CONVERSION = YES;
				GCC_WARN_ABOUT_RETURN_TYPE = YES_ERROR;
				GCC_WARN_UNDECLARED_SELECTOR = YES;
				GCC_WARN_UNINITIALIZED_AUTOS = YES_AGGRESSIVE;
				GCC_WARN_UNUSED_FUNCTION = YES;
				GCC_WARN_UNUSED_VARIABLE = YES;
				IPHONEOS_DEPLOYMENT_TARGET = 13.7;
				MTL_ENABLE_DEBUG_INFO = INCLUDE_SOURCE;
				MTL_FAST_MATH = YES;
				ONLY_ACTIVE_ARCH = YES;
				SDKROOT = iphoneos;
				SWIFT_ACTIVE_COMPILATION_CONDITIONS = DEBUG;
				SWIFT_OPTIMIZATION_LEVEL = "-Onone";
			};
			name = Debug;
		};
		BD80B82525B4AC430064A750 /* Release */ = {
			isa = XCBuildConfiguration;
			buildSettings = {
				ALWAYS_SEARCH_USER_PATHS = NO;
				CLANG_ANALYZER_NONNULL = YES;
				CLANG_ANALYZER_NUMBER_OBJECT_CONVERSION = YES_AGGRESSIVE;
				CLANG_CXX_LANGUAGE_STANDARD = "gnu++14";
				CLANG_CXX_LIBRARY = "libc++";
				CLANG_ENABLE_MODULES = YES;
				CLANG_ENABLE_OBJC_ARC = YES;
				CLANG_ENABLE_OBJC_WEAK = YES;
				CLANG_WARN_BLOCK_CAPTURE_AUTORELEASING = YES;
				CLANG_WARN_BOOL_CONVERSION = YES;
				CLANG_WARN_COMMA = YES;
				CLANG_WARN_CONSTANT_CONVERSION = YES;
				CLANG_WARN_DEPRECATED_OBJC_IMPLEMENTATIONS = YES;
				CLANG_WARN_DIRECT_OBJC_ISA_USAGE = YES_ERROR;
				CLANG_WARN_DOCUMENTATION_COMMENTS = YES;
				CLANG_WARN_EMPTY_BODY = YES;
				CLANG_WARN_ENUM_CONVERSION = YES;
				CLANG_WARN_INFINITE_RECURSION = YES;
				CLANG_WARN_INT_CONVERSION = YES;
				CLANG_WARN_NON_LITERAL_NULL_CONVERSION = YES;
				CLANG_WARN_OBJC_IMPLICIT_RETAIN_SELF = YES;
				CLANG_WARN_OBJC_LITERAL_CONVERSION = YES;
				CLANG_WARN_OBJC_ROOT_CLASS = YES_ERROR;
				CLANG_WARN_RANGE_LOOP_ANALYSIS = YES;
				CLANG_WARN_STRICT_PROTOTYPES = YES;
				CLANG_WARN_SUSPICIOUS_MOVE = YES;
				CLANG_WARN_UNGUARDED_AVAILABILITY = YES_AGGRESSIVE;
				CLANG_WARN_UNREACHABLE_CODE = YES;
				CLANG_WARN__DUPLICATE_METHOD_MATCH = YES;
				COPY_PHASE_STRIP = NO;
				DEBUG_INFORMATION_FORMAT = "dwarf-with-dsym";
				ENABLE_NS_ASSERTIONS = NO;
				ENABLE_STRICT_OBJC_MSGSEND = YES;
				GCC_C_LANGUAGE_STANDARD = gnu11;
				GCC_NO_COMMON_BLOCKS = YES;
				GCC_WARN_64_TO_32_BIT_CONVERSION = YES;
				GCC_WARN_ABOUT_RETURN_TYPE = YES_ERROR;
				GCC_WARN_UNDECLARED_SELECTOR = YES;
				GCC_WARN_UNINITIALIZED_AUTOS = YES_AGGRESSIVE;
				GCC_WARN_UNUSED_FUNCTION = YES;
				GCC_WARN_UNUSED_VARIABLE = YES;
				IPHONEOS_DEPLOYMENT_TARGET = 13.7;
				MTL_ENABLE_DEBUG_INFO = NO;
				MTL_FAST_MATH = YES;
				SDKROOT = iphoneos;
				SWIFT_COMPILATION_MODE = wholemodule;
				SWIFT_OPTIMIZATION_LEVEL = "-O";
				VALIDATE_PRODUCT = YES;
			};
			name = Release;
		};
		BD80B82725B4AC430064A750 /* Debug */ = {
			isa = XCBuildConfiguration;
			buildSettings = {
				ASSETCATALOG_COMPILER_APPICON_NAME = AppIcon;
				CODE_SIGN_STYLE = Automatic;
				DEVELOPMENT_TEAM = F25CV9M55M;
				INFOPLIST_FILE = WIPTask/Info.plist;
				LD_RUNPATH_SEARCH_PATHS = (
					"$(inherited)",
					"@executable_path/Frameworks",
				);
				PRODUCT_BUNDLE_IDENTIFIER = wipTask.WIPTask;
				PRODUCT_NAME = "$(TARGET_NAME)";
				SWIFT_VERSION = 5.0;
				TARGETED_DEVICE_FAMILY = "1,2";
			};
			name = Debug;
		};
		BD80B82825B4AC430064A750 /* Release */ = {
			isa = XCBuildConfiguration;
			buildSettings = {
				ASSETCATALOG_COMPILER_APPICON_NAME = AppIcon;
				CODE_SIGN_STYLE = Automatic;
				DEVELOPMENT_TEAM = F25CV9M55M;
				INFOPLIST_FILE = WIPTask/Info.plist;
				LD_RUNPATH_SEARCH_PATHS = (
					"$(inherited)",
					"@executable_path/Frameworks",
				);
				PRODUCT_BUNDLE_IDENTIFIER = wipTask.WIPTask;
				PRODUCT_NAME = "$(TARGET_NAME)";
				SWIFT_VERSION = 5.0;
				TARGETED_DEVICE_FAMILY = "1,2";
			};
			name = Release;
		};
/* End XCBuildConfiguration section */

/* Begin XCConfigurationList section */
		BD80B80D25B4AC3E0064A750 /* Build configuration list for PBXProject "WIPTask" */ = {
			isa = XCConfigurationList;
			buildConfigurations = (
				BD80B82425B4AC430064A750 /* Debug */,
				BD80B82525B4AC430064A750 /* Release */,
			);
			defaultConfigurationIsVisible = 0;
			defaultConfigurationName = Release;
		};
		BD80B82625B4AC430064A750 /* Build configuration list for PBXNativeTarget "WIPTask" */ = {
			isa = XCConfigurationList;
			buildConfigurations = (
				BD80B82725B4AC430064A750 /* Debug */,
				BD80B82825B4AC430064A750 /* Release */,
			);
			defaultConfigurationIsVisible = 0;
			defaultConfigurationName = Release;
		};
/* End XCConfigurationList section */
	};
	rootObject = BD80B80A25B4AC3E0064A750 /* Project object */;
}
